
Microsoft Visual Studio Solution File, Format Version 12.00
# Visual Studio Version 17
VisualStudioVersion = 17.0.32014.148
MinimumVisualStudioVersion = 10.0.40219.1
Project("{FAE04EC0-301F-11D3-BF4B-00C04F79EFBC}") = "ExempleDelegate", "ExempleDelegate\ExempleDelegate.csproj", "{A9F20A25-EE32-4290-B48C-AB383E87B893}"
EndProject
Global
	GlobalSection(SolutionConfigurationPlatforms) = preSolution
		Debug|Any CPU = Debug|Any CPU
		Release|Any CPU = Release|Any CPU
	EndGlobalSection
	GlobalSection(ProjectConfigurationPlatforms) = postSolution
		{A9F20A25-EE32-4290-B48C-AB383E87B893}.Debug|Any CPU.ActiveCfg = Debug|Any CPU
		{A9F20A25-EE32-4290-B48C-AB383E87B893}.Debug|Any CPU.Build.0 = Debug|Any CPU
		{A9F20A25-EE32-4290-B48C-AB383E87B893}.Release|Any CPU.ActiveCfg = Release|Any CPU
		{A9F20A25-EE32-4290-B48C-AB383E87B893}.Release|Any CPU.Build.0 = Release|Any CPU
	EndGlobalSection
	GlobalSection(SolutionProperties) = preSolution
		HideSolutionNode = FALSE
	EndGlobalSection
	GlobalSection(ExtensibilityGlobals) = postSolution
		SolutionGuid = {B9108FE0-03CF-4860-8982-A4EA04261C66}
	EndGlobalSection
EndGlobal
